// !$*UTF8*$!
{
	archiveVersion = 1;
	classes = {
	};
	objectVersion = 46;
	objects = {

/* Begin PBXBuildFile section */
		9A2894D621FBD97C00904665 /* AppDelegate.swift in Sources */ = {isa = PBXBuildFile; fileRef = 9A2894D521FBD97C00904665 /* AppDelegate.swift */; };
		9A2894D821FBD97C00904665 /* ViewController.swift in Sources */ = {isa = PBXBuildFile; fileRef = 9A2894D721FBD97C00904665 /* ViewController.swift */; };
		9A2894DB21FBD97C00904665 /* Main.storyboard in Resources */ = {isa = PBXBuildFile; fileRef = 9A2894D921FBD97C00904665 /* Main.storyboard */; };
		9A2894DD21FBD97C00904665 /* Assets.xcassets in Resources */ = {isa = PBXBuildFile; fileRef = 9A2894DC21FBD97C00904665 /* Assets.xcassets */; };
		9A2894E021FBD97C00904665 /* LaunchScreen.storyboard in Resources */ = {isa = PBXBuildFile; fileRef = 9A2894DE21FBD97C00904665 /* LaunchScreen.storyboard */; };
/* End PBXBuildFile section */

/* Begin PBXFileReference section */
		9A2894D221FBD97C00904665 /* SheInnovates.app */ = {isa = PBXFileReference; explicitFileType = wrapper.application; includeInIndex = 0; path = SheInnovates.app; sourceTree = BUILT_PRODUCTS_DIR; };
		9A2894D521FBD97C00904665 /* AppDelegate.swift */ = {isa = PBXFileReference; lastKnownFileType = sourcecode.swift; path = AppDelegate.swift; sourceTree = "<group>"; };
		9A2894D721FBD97C00904665 /* ViewController.swift */ = {isa = PBXFileReference; lastKnownFileType = sourcecode.swift; path = ViewController.swift; sourceTree = "<group>"; };
		9A2894DA21FBD97C00904665 /* Base */ = {isa = PBXFileReference; lastKnownFileType = file.storyboard; name = Base; path = Base.lproj/Main.storyboard; sourceTree = "<group>"; };
		9A2894DC21FBD97C00904665 /* Assets.xcassets */ = {isa = PBXFileReference; lastKnownFileType = folder.assetcatalog; path = Assets.xcassets; sourceTree = "<group>"; };
		9A2894DF21FBD97C00904665 /* Base */ = {isa = PBXFileReference; lastKnownFileType = file.storyboard; name = Base; path = Base.lproj/LaunchScreen.storyboard; sourceTree = "<group>"; };
		9A2894E121FBD97C00904665 /* Info.plist */ = {isa = PBXFileReference; lastKnownFileType = text.plist.xml; path = Info.plist; sourceTree = "<group>"; };
/* End PBXFileReference section */

/* Begin PBXFrameworksBuildPhase section */
		9A2894CF21FBD97C00904665 /* Frameworks */ = {
			isa = PBXFrameworksBuildPhase;
			buildActionMask = 2147483647;
			files = (
			);
			runOnlyForDeploymentPostprocessing = 0;
		};
/* End PBXFrameworksBuildPhase section */

/* Begin PBXGroup section */
		9A2894C921FBD97C00904665 = {
			isa = PBXGroup;
			children = (
				9A2894D421FBD97C00904665 /* SheInnovates */,
				9A2894D321FBD97C00904665 /* Products */,
			);
			sourceTree = "<group>";
		};
		9A2894D321FBD97C00904665 /* Products */ = {
			isa = PBXGroup;
			children = (
				9A2894D221FBD97C00904665 /* SheInnovates.app */,
			);
			name = Products;
			sourceTree = "<group>";
		};
		9A2894D421FBD97C00904665 /* SheInnovates */ = {
			isa = PBXGroup;
			children = (
				9A2894D521FBD97C00904665 /* AppDelegate.swift */,
				9A2894D721FBD97C00904665 /* ViewController.swift */,
				9A2894D921FBD97C00904665 /* Main.storyboard */,
				9A2894DC21FBD97C00904665 /* Assets.xcassets */,
				9A2894DE21FBD97C00904665 /* LaunchScreen.storyboard */,
				9A2894E121FBD97C00904665 /* Info.plist */,
			);
			path = SheInnovates;
			sourceTree = "<group>";
		};
/* End PBXGroup section */

/* Begin PBXNativeTarget section */
		9A2894D121FBD97C00904665 /* SheInnovates */ = {
			isa = PBXNativeTarget;
			buildConfigurationList = 9A2894E421FBD97C00904665 /* Build configuration list for PBXNativeTarget "SheInnovates" */;
			buildPhases = (
				9A2894CE21FBD97C00904665 /* Sources */,
				9A2894CF21FBD97C00904665 /* Frameworks */,
				9A2894D021FBD97C00904665 /* Resources */,
			);
			buildRules = (
			);
			dependencies = (
			);
			name = SheInnovates;
			productName = SheInnovates;
			productReference = 9A2894D221FBD97C00904665 /* SheInnovates.app */;
			productType = "com.apple.product-type.application";
		};
/* End PBXNativeTarget section */

/* Begin PBXProject section */
		9A2894CA21FBD97C00904665 /* Project object */ = {
			isa = PBXProject;
			attributes = {
				LastSwiftUpdateCheck = 0830;
				LastUpgradeCheck = 0830;
				ORGANIZATIONNAME = "Jessamyn Malia";
				TargetAttributes = {
					9A2894D121FBD97C00904665 = {
						CreatedOnToolsVersion = 8.3.3;
						DevelopmentTeam = C4WGN7JA5G;
						ProvisioningStyle = Automatic;
					};
				};
			};
			buildConfigurationList = 9A2894CD21FBD97C00904665 /* Build configuration list for PBXProject "SheInnovates" */;
			compatibilityVersion = "Xcode 3.2";
			developmentRegion = English;
			hasScannedForEncodings = 0;
			knownRegions = (
				en,
				Base,
			);
			mainGroup = 9A2894C921FBD97C00904665;
			productRefGroup = 9A2894D321FBD97C00904665 /* Products */;
			projectDirPath = "";
			projectRoot = "";
			targets = (
				9A2894D121FBD97C00904665 /* SheInnovates */,
			);
		};
/* End PBXProject section */

/* Begin PBXResourcesBuildPhase section */
		9A2894D021FBD97C00904665 /* Resources */ = {
			isa = PBXResourcesBuildPhase;
			buildActionMask = 2147483647;
			files = (
				9A2894E021FBD97C00904665 /* LaunchScreen.storyboard in Resources */,
				9A2894DD21FBD97C00904665 /* Assets.xcassets in Resources */,
				9A2894DB21FBD97C00904665 /* Main.storyboard in Resources */,
			);
			runOnlyForDeploymentPostprocessing = 0;
		};
/* End PBXResourcesBuildPhase section */

/* Begin PBXSourcesBuildPhase section */
		9A2894CE21FBD97C00904665 /* Sources */ = {
			isa = PBXSourcesBuildPhase;
			buildActionMask = 2147483647;
			files = (
				9A2894D821FBD97C00904665 /* ViewController.swift in Sources */,
				9A2894D621FBD97C00904665 /* AppDelegate.swift in Sources */,
			);
			runOnlyForDeploymentPostprocessing = 0;
		};
/* End PBXSourcesBuildPhase section */

/* Begin PBXVariantGroup section */
		9A2894D921FBD97C00904665 /* Main.storyboard */ = {
			isa = PBXVariantGroup;
			children = (
				9A2894DA21FBD97C00904665 /* Base */,
			);
			name = Main.storyboard;
			sourceTree = "<group>";
		};
		9A2894DE21FBD97C00904665 /* LaunchScreen.storyboard */ = {
			isa = PBXVariantGroup;
			children = (
				9A2894DF21FBD97C00904665 /* Base */,
			);
			name = LaunchScreen.storyboard;
			sourceTree = "<group>";
		};
/* End PBXVariantGroup section */

/* Begin XCBuildConfiguration section */
		9A2894E221FBD97C00904665 /* Debug */ = {
			isa = XCBuildConfiguration;
			buildSettings = {
				ALWAYS_SEARCH_USER_PATHS = NO;
				CLANG_ANALYZER_NONNULL = YES;
				CLANG_ANALYZER_NUMBER_OBJECT_CONVERSION = YES_AGGRESSIVE;
				CLANG_CXX_LANGUAGE_STANDARD = "gnu++0x";
				CLANG_CXX_LIBRARY = "libc++";
				CLANG_ENABLE_MODULES = YES;
				CLANG_ENABLE_OBJC_ARC = YES;
				CLANG_WARN_BOOL_CONVERSION = YES;
				CLANG_WARN_CONSTANT_CONVERSION = YES;
				CLANG_WARN_DIRECT_OBJC_ISA_USAGE = YES_ERROR;
				CLANG_WARN_DOCUMENTATION_COMMENTS = YES;
				CLANG_WARN_EMPTY_BODY = YES;
				CLANG_WARN_ENUM_CONVERSION = YES;
				CLANG_WARN_INFINITE_RECURSION = YES;
				CLANG_WARN_INT_CONVERSION = YES;
				CLANG_WARN_OBJC_ROOT_CLASS = YES_ERROR;
				CLANG_WARN_SUSPICIOUS_MOVE = YES;
				CLANG_WARN_UNREACHABLE_CODE = YES;
				CLANG_WARN__DUPLICATE_METHOD_MATCH = YES;
				"CODE_SIGN_IDENTITY[sdk=iphoneos*]" = "iPhone Developer";
				COPY_PHASE_STRIP = NO;
				DEBUG_INFORMATION_FORMAT = dwarf;
				ENABLE_STRICT_OBJC_MSGSEND = YES;
				ENABLE_TESTABILITY = YES;
				GCC_C_LANGUAGE_STANDARD = gnu99;
				GCC_DYNAMIC_NO_PIC = NO;
				GCC_NO_COMMON_BLOCKS = YES;
				GCC_OPTIMIZATION_LEVEL = 0;
				GCC_PREPROCESSOR_DEFINITIONS = (
					"DEBUG=1",
					"$(inherited)",
				);
				GCC_WARN_64_TO_32_BIT_CONVERSION = YES;
				GCC_WARN_ABOUT_RETURN_TYPE = YES_ERROR;
				GCC_WARN_UNDECLARED_SELECTOR = YES;
				GCC_WARN_UNINITIALIZED_AUTOS = YES_AGGRESSIVE;
				GCC_WARN_UNUSED_FUNCTION = YES;
				GCC_WARN_UNUSED_VARIABLE = YES;
				IPHONEOS_DEPLOYMENT_TARGET = 10.3;
				MTL_ENABLE_DEBUG_INFO = YES;
				ONLY_ACTIVE_ARCH = YES;
				SDKROOT = iphoneos;
				SWIFT_ACTIVE_COMPILATION_CONDITIONS = DEBUG;
				SWIFT_OPTIMIZATION_LEVEL = "-Onone";
				TARGETED_DEVICE_FAMILY = "1,2";
			};
			name = Debug;
		};
		9A2894E321FBD97C00904665 /* Release */ = {
			isa = XCBuildConfiguration;
			buildSettings = {
				ALWAYS_SEARCH_USER_PATHS = NO;
				CLANG_ANALYZER_NONNULL = YES;
				CLANG_ANALYZER_NUMBER_OBJECT_CONVERSION = YES_AGGRESSIVE;
				CLANG_CXX_LANGUAGE_STANDARD = "gnu++0x";
				CLANG_CXX_LIBRARY = "libc++";
				CLANG_ENABLE_MODULES = YES;
				CLANG_ENABLE_OBJC_ARC = YES;
				CLANG_WARN_BOOL_CONVERSION = YES;
				CLANG_WARN_CONSTANT_CONVERSION = YES;
				CLANG_WARN_DIRECT_OBJC_ISA_USAGE = YES_ERROR;
				CLANG_WARN_DOCUMENTATION_COMMENTS = YES;
				CLANG_WARN_EMPTY_BODY = YES;
				CLANG_WARN_ENUM_CONVERSION = YES;
				CLANG_WARN_INFINITE_RECURSION = YES;
				CLANG_WARN_INT_CONVERSION = YES;
				CLANG_WARN_OBJC_ROOT_CLASS = YES_ERROR;
				CLANG_WARN_SUSPICIOUS_MOVE = YES;
				CLANG_WARN_UNREACHABLE_CODE = YES;
				CLANG_WARN__DUPLICATE_METHOD_MATCH = YES;
				"CODE_SIGN_IDENTITY[sdk=iphoneos*]" = "iPhone Developer";
				COPY_PHASE_STRIP = NO;
				DEBUG_INFORMATION_FORMAT = "dwarf-with-dsym";
				ENABLE_NS_ASSERTIONS = NO;
				ENABLE_STRICT_OBJC_MSGSEND = YES;
				GCC_C_LANGUAGE_STANDARD = gnu99;
				GCC_NO_COMMON_BLOCKS = YES;
				GCC_WARN_64_TO_32_BIT_CONVERSION = YES;
				GCC_WARN_ABOUT_RETURN_TYPE = YES_ERROR;
				GCC_WARN_UNDECLARED_SELECTOR = YES;
				GCC_WARN_UNINITIALIZED_AUTOS = YES_AGGRESSIVE;
				GCC_WARN_UNUSED_FUNCTION = YES;
				GCC_WARN_UNUSED_VARIABLE = YES;
				IPHONEOS_DEPLOYMENT_TARGET = 10.3;
				MTL_ENABLE_DEBUG_INFO = NO;
				SDKROOT = iphoneos;
				SWIFT_OPTIMIZATION_LEVEL = "-Owholemodule";
				TARGETED_DEVICE_FAMILY = "1,2";
				VALIDATE_PRODUCT = YES;
			};
			name = Release;
		};
		9A2894E521FBD97C00904665 /* Debug */ = {
			isa = XCBuildConfiguration;
			buildSettings = {
				ASSETCATALOG_COMPILER_APPICON_NAME = AppIcon;
				DEVELOPMENT_TEAM = C4WGN7JA5G;
				INFOPLIST_FILE = SheInnovates/Info.plist;
				LD_RUNPATH_SEARCH_PATHS = "$(inherited) @executable_path/Frameworks";
				PRODUCT_BUNDLE_IDENTIFIER = com.celticroseproductions.SheInnovates;
				PRODUCT_NAME = "$(TARGET_NAME)";
				SWIFT_VERSION = 3.0;
			};
			name = Debug;
		};
		9A2894E621FBD97C00904665 /* Release */ = {
			isa = XCBuildConfiguration;
			buildSettings = {
				ASSETCATALOG_COMPILER_APPICON_NAME = AppIcon;
				DEVELOPMENT_TEAM = C4WGN7JA5G;
				INFOPLIST_FILE = SheInnovates/Info.plist;
				LD_RUNPATH_SEARCH_PATHS = "$(inherited) @executable_path/Frameworks";
				PRODUCT_BUNDLE_IDENTIFIER = com.celticroseproductions.SheInnovates;
				PRODUCT_NAME = "$(TARGET_NAME)";
				SWIFT_VERSION = 3.0;
			};
			name = Release;
		};
/* End XCBuildConfiguration section */

/* Begin XCConfigurationList section */
		9A2894CD21FBD97C00904665 /* Build configuration list for PBXProject "SheInnovates" */ = {
			isa = XCConfigurationList;
			buildConfigurations = (
				9A2894E221FBD97C00904665 /* Debug */,
				9A2894E321FBD97C00904665 /* Release */,
			);
			defaultConfigurationIsVisible = 0;
			defaultConfigurationName = Release;
		};
		9A2894E421FBD97C00904665 /* Build configuration list for PBXNativeTarget "SheInnovates" */ = {
			isa = XCConfigurationList;
			buildConfigurations = (
				9A2894E521FBD97C00904665 /* Debug */,
				9A2894E621FBD97C00904665 /* Release */,
			);
			defaultConfigurationIsVisible = 0;
		};
/* End XCConfigurationList section */
	};
	rootObject = 9A2894CA21FBD97C00904665 /* Project object */;
}
